
Microsoft Visual Studio Solution File, Format Version 12.00
# Visual Studio Version 16
VisualStudioVersion = 16.0.30611.23
MinimumVisualStudioVersion = 10.0.40219.1
Project("{FAE04EC0-301F-11D3-BF4B-00C04F79EFBC}") = "HMIS", "HMIS\HMIS.csproj", "{0313C6C1-0DEF-433F-BE3A-D5450DA84FDB}"
EndProject
Project("{FAE04EC0-301F-11D3-BF4B-00C04F79EFBC}") = "Models", "Models\Models.csproj", "{3C3FD6F3-BF97-40C9-A8FA-82779BF6D48A}"
EndProject
Project("{FAE04EC0-301F-11D3-BF4B-00C04F79EFBC}") = "BAL", "BAL\BAL.csproj", "{D972C545-ED3B-4031-807C-212DFE4EA3F7}"
EndProject
Project("{FAE04EC0-301F-11D3-BF4B-00C04F79EFBC}") = "DAL", "DAL\DAL.csproj", "{4E379097-CFA7-41D0-BD8F-A1DF5584B627}"
EndProject
Global
	GlobalSection(SolutionConfigurationPlatforms) = preSolution
		Debug|Any CPU = Debug|Any CPU
		Release|Any CPU = Release|Any CPU
	EndGlobalSection
	GlobalSection(ProjectConfigurationPlatforms) = postSolution
		{0313C6C1-0DEF-433F-BE3A-D5450DA84FDB}.Debug|Any CPU.ActiveCfg = Debug|Any CPU
		{0313C6C1-0DEF-433F-BE3A-D5450DA84FDB}.Debug|Any CPU.Build.0 = Debug|Any CPU
		{0313C6C1-0DEF-433F-BE3A-D5450DA84FDB}.Release|Any CPU.ActiveCfg = Release|Any CPU
		{0313C6C1-0DEF-433F-BE3A-D5450DA84FDB}.Release|Any CPU.Build.0 = Release|Any CPU
		{3C3FD6F3-BF97-40C9-A8FA-82779BF6D48A}.Debug|Any CPU.ActiveCfg = Debug|Any CPU
		{3C3FD6F3-BF97-40C9-A8FA-82779BF6D48A}.Debug|Any CPU.Build.0 = Debug|Any CPU
		{3C3FD6F3-BF97-40C9-A8FA-82779BF6D48A}.Release|Any CPU.ActiveCfg = Release|Any CPU
		{3C3FD6F3-BF97-40C9-A8FA-82779BF6D48A}.Release|Any CPU.Build.0 = Release|Any CPU
		{D972C545-ED3B-4031-807C-212DFE4EA3F7}.Debug|Any CPU.ActiveCfg = Debug|Any CPU
		{D972C545-ED3B-4031-807C-212DFE4EA3F7}.Debug|Any CPU.Build.0 = Debug|Any CPU
		{D972C545-ED3B-4031-807C-212DFE4EA3F7}.Release|Any CPU.ActiveCfg = Release|Any CPU
		{D972C545-ED3B-4031-807C-212DFE4EA3F7}.Release|Any CPU.Build.0 = Release|Any CPU
		{4E379097-CFA7-41D0-BD8F-A1DF5584B627}.Debug|Any CPU.ActiveCfg = Debug|Any CPU
		{4E379097-CFA7-41D0-BD8F-A1DF5584B627}.Debug|Any CPU.Build.0 = Debug|Any CPU
		{4E379097-CFA7-41D0-BD8F-A1DF5584B627}.Release|Any CPU.ActiveCfg = Release|Any CPU
		{4E379097-CFA7-41D0-BD8F-A1DF5584B627}.Release|Any CPU.Build.0 = Release|Any CPU
	EndGlobalSection
	GlobalSection(SolutionProperties) = preSolution
		HideSolutionNode = FALSE
	EndGlobalSection
	GlobalSection(ExtensibilityGlobals) = postSolution
		SolutionGuid = {3F00A214-0531-4F42-B2FE-6E8F901F948E}
	EndGlobalSection
EndGlobal
