
Microsoft Visual Studio Solution File, Format Version 12.00
# Visual Studio Version 16
VisualStudioVersion = 16.0.30611.23
MinimumVisualStudioVersion = 10.0.40219.1
Project("{9A19103F-16F7-4668-BE54-9A1E7A4F7556}") = "HMIS", "HMIS\HMIS.csproj", "{0313C6C1-0DEF-433F-BE3A-D5450DA84FDB}"
EndProject
Project("{9A19103F-16F7-4668-BE54-9A1E7A4F7556}") = "Models", "Models\Models.csproj", "{3C3FD6F3-BF97-40C9-A8FA-82779BF6D48A}"
EndProject
Project("{FAE04EC0-301F-11D3-BF4B-00C04F79EFBC}") = "BAL", "BAL\BAL.csproj", "{0F39AF06-2E52-4458-A3A1-F02F6738BC0F}"
EndProject
Project("{FAE04EC0-301F-11D3-BF4B-00C04F79EFBC}") = "DAL", "DAL\DAL.csproj", "{023C40FA-37A8-43EE-BC83-C62D4B97D5D3}"
EndProject
Global
	GlobalSection(SolutionConfigurationPlatforms) = preSolution
		Debug|Any CPU = Debug|Any CPU
		Release|Any CPU = Release|Any CPU
	EndGlobalSection
	GlobalSection(ProjectConfigurationPlatforms) = postSolution
		{0313C6C1-0DEF-433F-BE3A-D5450DA84FDB}.Debug|Any CPU.ActiveCfg = Debug|Any CPU
		{0313C6C1-0DEF-433F-BE3A-D5450DA84FDB}.Debug|Any CPU.Build.0 = Debug|Any CPU
		{0313C6C1-0DEF-433F-BE3A-D5450DA84FDB}.Release|Any CPU.ActiveCfg = Release|Any CPU
		{0313C6C1-0DEF-433F-BE3A-D5450DA84FDB}.Release|Any CPU.Build.0 = Release|Any CPU
		{3C3FD6F3-BF97-40C9-A8FA-82779BF6D48A}.Debug|Any CPU.ActiveCfg = Debug|Any CPU
		{3C3FD6F3-BF97-40C9-A8FA-82779BF6D48A}.Debug|Any CPU.Build.0 = Debug|Any CPU
		{3C3FD6F3-BF97-40C9-A8FA-82779BF6D48A}.Release|Any CPU.ActiveCfg = Release|Any CPU
		{3C3FD6F3-BF97-40C9-A8FA-82779BF6D48A}.Release|Any CPU.Build.0 = Release|Any CPU
		{0F39AF06-2E52-4458-A3A1-F02F6738BC0F}.Debug|Any CPU.ActiveCfg = Debug|Any CPU
		{0F39AF06-2E52-4458-A3A1-F02F6738BC0F}.Debug|Any CPU.Build.0 = Debug|Any CPU
		{0F39AF06-2E52-4458-A3A1-F02F6738BC0F}.Release|Any CPU.ActiveCfg = Release|Any CPU
		{0F39AF06-2E52-4458-A3A1-F02F6738BC0F}.Release|Any CPU.Build.0 = Release|Any CPU
		{023C40FA-37A8-43EE-BC83-C62D4B97D5D3}.Debug|Any CPU.ActiveCfg = Debug|Any CPU
		{023C40FA-37A8-43EE-BC83-C62D4B97D5D3}.Debug|Any CPU.Build.0 = Debug|Any CPU
		{023C40FA-37A8-43EE-BC83-C62D4B97D5D3}.Release|Any CPU.ActiveCfg = Release|Any CPU
		{023C40FA-37A8-43EE-BC83-C62D4B97D5D3}.Release|Any CPU.Build.0 = Release|Any CPU
	EndGlobalSection
	GlobalSection(SolutionProperties) = preSolution
		HideSolutionNode = FALSE
	EndGlobalSection
	GlobalSection(ExtensibilityGlobals) = postSolution
		SolutionGuid = {3F00A214-0531-4F42-B2FE-6E8F901F948E}
	EndGlobalSection
EndGlobal
